
Microsoft Visual Studio Solution File, Format Version 12.00
# Visual Studio Version 17
VisualStudioVersion = 17.6.33417.168
MinimumVisualStudioVersion = 10.0.40219.1
Project("{9A19103F-16F7-4668-BE54-9A1E7A4F7556}") = "GildedRose.Console", "src\GildedRose.Console\GildedRose.Console.csproj", "{665C2E66-3804-4656-B6BD-94C1B538AA06}"
EndProject
Project("{FAE04EC0-301F-11D3-BF4B-00C04F79EFBC}") = "GildedRose.Tests", "src\GildedRose.Tests\GildedRose.Tests.csproj", "{9C79E2E1-5503-455D-A0A4-8F23B64A330F}"
EndProject
Global
	GlobalSection(SolutionConfigurationPlatforms) = preSolution
		Debug|Any CPU = Debug|Any CPU
		Release|Any CPU = Release|Any CPU
	EndGlobalSection
	GlobalSection(ProjectConfigurationPlatforms) = postSolution
		{665C2E66-3804-4656-B6BD-94C1B538AA06}.Debug|Any CPU.ActiveCfg = Debug|Any CPU
		{665C2E66-3804-4656-B6BD-94C1B538AA06}.Debug|Any CPU.Build.0 = Debug|Any CPU
		{665C2E66-3804-4656-B6BD-94C1B538AA06}.Release|Any CPU.ActiveCfg = Release|Any CPU
		{665C2E66-3804-4656-B6BD-94C1B538AA06}.Release|Any CPU.Build.0 = Release|Any CPU
		{9C79E2E1-5503-455D-A0A4-8F23B64A330F}.Debug|Any CPU.ActiveCfg = Debug|Any CPU
		{9C79E2E1-5503-455D-A0A4-8F23B64A330F}.Debug|Any CPU.Build.0 = Debug|Any CPU
		{9C79E2E1-5503-455D-A0A4-8F23B64A330F}.Release|Any CPU.ActiveCfg = Release|Any CPU
		{9C79E2E1-5503-455D-A0A4-8F23B64A330F}.Release|Any CPU.Build.0 = Release|Any CPU
	EndGlobalSection
	GlobalSection(SolutionProperties) = preSolution
		HideSolutionNode = FALSE
	EndGlobalSection
	GlobalSection(ExtensibilityGlobals) = postSolution
		SolutionGuid = {CAD899C3-C13D-49D1-820A-F8A4135104B0}
	EndGlobalSection
EndGlobal
