
Microsoft Visual Studio Solution File, Format Version 12.00
# Visual Studio Version 17
VisualStudioVersion = 17.5.33402.96
MinimumVisualStudioVersion = 10.0.40219.1
Project("{2150E333-8FDC-42A3-9474-1A3956D46DE8}") = "src", "src", "{6F1E0CA3-E666-42D2-82C3-F1EDC2D378B0}"
EndProject
Project("{2150E333-8FDC-42A3-9474-1A3956D46DE8}") = "tests", "tests", "{70912A94-76FD-4708-99B9-74E37D54C3B4}"
EndProject
Project("{9A19103F-16F7-4668-BE54-9A1E7A4F7556}") = "StringCalculator", "src\StringCalculator.csproj", "{57A30C7A-0D51-49EA-BE6F-A44583AA2EE7}"
EndProject
Project("{9A19103F-16F7-4668-BE54-9A1E7A4F7556}") = "StringCalculator.Tests", "tests\StringCalculator.Tests.csproj", "{B8B9283B-40D7-486A-9C7B-DAA5B059AF26}"
EndProject
Global
	GlobalSection(SolutionConfigurationPlatforms) = preSolution
		Debug|Any CPU = Debug|Any CPU
		Release|Any CPU = Release|Any CPU
	EndGlobalSection
	GlobalSection(ProjectConfigurationPlatforms) = postSolution
		{57A30C7A-0D51-49EA-BE6F-A44583AA2EE7}.Debug|Any CPU.ActiveCfg = Debug|Any CPU
		{57A30C7A-0D51-49EA-BE6F-A44583AA2EE7}.Debug|Any CPU.Build.0 = Debug|Any CPU
		{57A30C7A-0D51-49EA-BE6F-A44583AA2EE7}.Release|Any CPU.ActiveCfg = Release|Any CPU
		{57A30C7A-0D51-49EA-BE6F-A44583AA2EE7}.Release|Any CPU.Build.0 = Release|Any CPU
		{B8B9283B-40D7-486A-9C7B-DAA5B059AF26}.Debug|Any CPU.ActiveCfg = Debug|Any CPU
		{B8B9283B-40D7-486A-9C7B-DAA5B059AF26}.Debug|Any CPU.Build.0 = Debug|Any CPU
		{B8B9283B-40D7-486A-9C7B-DAA5B059AF26}.Release|Any CPU.ActiveCfg = Release|Any CPU
		{B8B9283B-40D7-486A-9C7B-DAA5B059AF26}.Release|Any CPU.Build.0 = Release|Any CPU
	EndGlobalSection
	GlobalSection(SolutionProperties) = preSolution
		HideSolutionNode = FALSE
	EndGlobalSection
	GlobalSection(NestedProjects) = preSolution
		{57A30C7A-0D51-49EA-BE6F-A44583AA2EE7} = {6F1E0CA3-E666-42D2-82C3-F1EDC2D378B0}
		{B8B9283B-40D7-486A-9C7B-DAA5B059AF26} = {70912A94-76FD-4708-99B9-74E37D54C3B4}
	EndGlobalSection
	GlobalSection(ExtensibilityGlobals) = postSolution
		SolutionGuid = {80171B6A-562E-4919-980E-0DA5422581AB}
	EndGlobalSection
EndGlobal
